
Microsoft Visual Studio Solution File, Format Version 12.00
# Visual Studio Version 17
VisualStudioVersion = 17.0.31903.59
MinimumVisualStudioVersion = 10.0.40219.1
Project("{FAE04EC0-301F-11D3-BF4B-00C04F79EFBC}") = "events", "events\events.csproj", "{3F3FE850-92B2-4655-A023-A9CBCC5BC2B1}"
EndProject
Project("{FAE04EC0-301F-11D3-BF4B-00C04F79EFBC}") = "events.tests", "events.tests\events.tests.csproj", "{DD7250A6-5F2C-4BA8-99C6-555565A2ADAA}"
EndProject
Global
	GlobalSection(SolutionConfigurationPlatforms) = preSolution
		Debug|Any CPU = Debug|Any CPU
		Release|Any CPU = Release|Any CPU
	EndGlobalSection
	GlobalSection(SolutionProperties) = preSolution
		HideSolutionNode = FALSE
	EndGlobalSection
	GlobalSection(ProjectConfigurationPlatforms) = postSolution
		{3F3FE850-92B2-4655-A023-A9CBCC5BC2B1}.Debug|Any CPU.ActiveCfg = Debug|Any CPU
		{3F3FE850-92B2-4655-A023-A9CBCC5BC2B1}.Debug|Any CPU.Build.0 = Debug|Any CPU
		{3F3FE850-92B2-4655-A023-A9CBCC5BC2B1}.Release|Any CPU.ActiveCfg = Release|Any CPU
		{3F3FE850-92B2-4655-A023-A9CBCC5BC2B1}.Release|Any CPU.Build.0 = Release|Any CPU
		{DD7250A6-5F2C-4BA8-99C6-555565A2ADAA}.Debug|Any CPU.ActiveCfg = Debug|Any CPU
		{DD7250A6-5F2C-4BA8-99C6-555565A2ADAA}.Debug|Any CPU.Build.0 = Debug|Any CPU
		{DD7250A6-5F2C-4BA8-99C6-555565A2ADAA}.Release|Any CPU.ActiveCfg = Release|Any CPU
		{DD7250A6-5F2C-4BA8-99C6-555565A2ADAA}.Release|Any CPU.Build.0 = Release|Any CPU
	EndGlobalSection
EndGlobal
